
Microsoft Visual Studio Solution File, Format Version 12.00
# Visual Studio Version 17
VisualStudioVersion = 17.4.33403.182
MinimumVisualStudioVersion = 10.0.40219.1
Project("{FAE04EC0-301F-11D3-BF4B-00C04F79EFBC}") = "StudentCheck", "StudentCheck\StudentCheck.csproj", "{4F6C88C2-A3BE-4EB3-8FEF-F458DE5DC58E}"
EndProject
Global
	GlobalSection(SolutionConfigurationPlatforms) = preSolution
		Debug|Any CPU = Debug|Any CPU
		Release|Any CPU = Release|Any CPU
	EndGlobalSection
	GlobalSection(ProjectConfigurationPlatforms) = postSolution
		{4F6C88C2-A3BE-4EB3-8FEF-F458DE5DC58E}.Debug|Any CPU.ActiveCfg = Debug|Any CPU
		{4F6C88C2-A3BE-4EB3-8FEF-F458DE5DC58E}.Debug|Any CPU.Build.0 = Debug|Any CPU
		{4F6C88C2-A3BE-4EB3-8FEF-F458DE5DC58E}.Release|Any CPU.ActiveCfg = Release|Any CPU
		{4F6C88C2-A3BE-4EB3-8FEF-F458DE5DC58E}.Release|Any CPU.Build.0 = Release|Any CPU
	EndGlobalSection
	GlobalSection(SolutionProperties) = preSolution
		HideSolutionNode = FALSE
	EndGlobalSection
	GlobalSection(ExtensibilityGlobals) = postSolution
		SolutionGuid = {D6EE0A8B-6581-4BBE-8BDB-A6EC0BDE969A}
	EndGlobalSection
EndGlobal
